// !$*UTF8*$!
{
	archiveVersion = 1;
	classes = {
	};
	objectVersion = 56;
	objects = {

/* Begin PBXBuildFile section */
		065782902A1E19C8005AB37B /* Double+Extension.swift in Sources */ = {isa = PBXBuildFile; fileRef = 0657828F2A1E19C8005AB37B /* Double+Extension.swift */; };
		06A27C462A1E328800E37849 /* FavoriteManager.swift in Sources */ = {isa = PBXBuildFile; fileRef = 06A27C452A1E328800E37849 /* FavoriteManager.swift */; };
		06BAD0F62A1E1FF0006A0BDF /* ProductDetailsViewController.swift in Sources */ = {isa = PBXBuildFile; fileRef = 06BAD0F52A1E1FF0006A0BDF /* ProductDetailsViewController.swift */; };
		06BAD0F82A1E2325006A0BDF /* ProductDetailsViewModel.swift in Sources */ = {isa = PBXBuildFile; fileRef = 06BAD0F72A1E2325006A0BDF /* ProductDetailsViewModel.swift */; };
		06BAD0FC2A1E24EF006A0BDF /* DetailsCoordinator.swift in Sources */ = {isa = PBXBuildFile; fileRef = 06BAD0FB2A1E24EF006A0BDF /* DetailsCoordinator.swift */; };
		06D582702A1DFC5100935D52 /* AppDelegate.swift in Sources */ = {isa = PBXBuildFile; fileRef = 06D5826F2A1DFC5100935D52 /* AppDelegate.swift */; };
		06D582722A1DFC5100935D52 /* SceneDelegate.swift in Sources */ = {isa = PBXBuildFile; fileRef = 06D582712A1DFC5100935D52 /* SceneDelegate.swift */; };
		06D582742A1DFC5100935D52 /* ProductListViewController.swift in Sources */ = {isa = PBXBuildFile; fileRef = 06D582732A1DFC5100935D52 /* ProductListViewController.swift */; };
		06D582772A1DFC5100935D52 /* Main.storyboard in Resources */ = {isa = PBXBuildFile; fileRef = 06D582752A1DFC5100935D52 /* Main.storyboard */; };
		06D582792A1DFC5200935D52 /* Assets.xcassets in Resources */ = {isa = PBXBuildFile; fileRef = 06D582782A1DFC5200935D52 /* Assets.xcassets */; };
		06D5827C2A1DFC5200935D52 /* LaunchScreen.storyboard in Resources */ = {isa = PBXBuildFile; fileRef = 06D5827A2A1DFC5200935D52 /* LaunchScreen.storyboard */; };
		06D582872A1DFC5200935D52 /* ProductListTests.swift in Sources */ = {isa = PBXBuildFile; fileRef = 06D582862A1DFC5200935D52 /* ProductListTests.swift */; };
		06D582A22A1DFEDA00935D52 /* Kingfisher in Frameworks */ = {isa = PBXBuildFile; productRef = 06D582A12A1DFEDA00935D52 /* Kingfisher */; };
		06D582A62A1DFFCF00935D52 /* Config.swift in Sources */ = {isa = PBXBuildFile; fileRef = 06D582A52A1DFFCF00935D52 /* Config.swift */; };
		06D582A82A1E00F500935D52 /* HTTPMethod.swift in Sources */ = {isa = PBXBuildFile; fileRef = 06D582A72A1E00F500935D52 /* HTTPMethod.swift */; };
		06D582AA2A1E015C00935D52 /* NetworkError.swift in Sources */ = {isa = PBXBuildFile; fileRef = 06D582A92A1E015C00935D52 /* NetworkError.swift */; };
		06D582AC2A1E018B00935D52 /* NetworkService.swift in Sources */ = {isa = PBXBuildFile; fileRef = 06D582AB2A1E018B00935D52 /* NetworkService.swift */; };
		06D582AE2A1E01CC00935D52 /* ProductsRouter.swift in Sources */ = {isa = PBXBuildFile; fileRef = 06D582AD2A1E01CC00935D52 /* ProductsRouter.swift */; };
		06D582B02A1E038F00935D52 /* State.swift in Sources */ = {isa = PBXBuildFile; fileRef = 06D582AF2A1E038F00935D52 /* State.swift */; };
		06D582B32A1E046800935D52 /* Products.swift in Sources */ = {isa = PBXBuildFile; fileRef = 06D582B22A1E046800935D52 /* Products.swift */; };
		06D582BA2A1E05D300935D52 /* ProductService.swift in Sources */ = {isa = PBXBuildFile; fileRef = 06D582B92A1E05D300935D52 /* ProductService.swift */; };
		06D582BD2A1E067200935D52 /* ProductListViewModel.swift in Sources */ = {isa = PBXBuildFile; fileRef = 06D582BC2A1E067200935D52 /* ProductListViewModel.swift */; };
		06D582BF2A1E079700935D52 /* ProductViewModel.swift in Sources */ = {isa = PBXBuildFile; fileRef = 06D582BE2A1E079700935D52 /* ProductViewModel.swift */; };
		06D582C22A1E0A4100935D52 /* Int+Extension.swift in Sources */ = {isa = PBXBuildFile; fileRef = 06D582C12A1E0A4100935D52 /* Int+Extension.swift */; };
		06D582C72A1E0D0700935D52 /* MainCoordinator.swift in Sources */ = {isa = PBXBuildFile; fileRef = 06D582C42A1E0D0700935D52 /* MainCoordinator.swift */; };
		06D582C82A1E0D0700935D52 /* Coordinator.swift in Sources */ = {isa = PBXBuildFile; fileRef = 06D582C52A1E0D0700935D52 /* Coordinator.swift */; };
		06D582C92A1E0D0700935D52 /* Storyboarded.swift in Sources */ = {isa = PBXBuildFile; fileRef = 06D582C62A1E0D0700935D52 /* Storyboarded.swift */; };
		06D582CC2A1E0F3200935D52 /* ProductTableViewCell.swift in Sources */ = {isa = PBXBuildFile; fileRef = 06D582CA2A1E0F3200935D52 /* ProductTableViewCell.swift */; };
		06D582CD2A1E0F3200935D52 /* ProductTableViewCell.xib in Resources */ = {isa = PBXBuildFile; fileRef = 06D582CB2A1E0F3200935D52 /* ProductTableViewCell.xib */; };
		06D582D02A1E120900935D52 /* Cosmos in Frameworks */ = {isa = PBXBuildFile; productRef = 06D582CF2A1E120900935D52 /* Cosmos */; };
		06D582D22A1E141200935D52 /* UIView+Borders.swift in Sources */ = {isa = PBXBuildFile; fileRef = 06D582D12A1E141200935D52 /* UIView+Borders.swift */; };
		06D582D42A1E143E00935D52 /* UIView+Identifier.swift in Sources */ = {isa = PBXBuildFile; fileRef = 06D582D32A1E143E00935D52 /* UIView+Identifier.swift */; };
/* End PBXBuildFile section */

/* Begin PBXContainerItemProxy section */
		06D582832A1DFC5200935D52 /* PBXContainerItemProxy */ = {
			isa = PBXContainerItemProxy;
			containerPortal = 06D582642A1DFC5100935D52 /* Project object */;
			proxyType = 1;
			remoteGlobalIDString = 06D5826B2A1DFC5100935D52;
			remoteInfo = ProductList;
		};
/* End PBXContainerItemProxy section */

/* Begin PBXFileReference section */
		0657828F2A1E19C8005AB37B /* Double+Extension.swift */ = {isa = PBXFileReference; lastKnownFileType = sourcecode.swift; path = "Double+Extension.swift"; sourceTree = "<group>"; };
		06A27C452A1E328800E37849 /* FavoriteManager.swift */ = {isa = PBXFileReference; lastKnownFileType = sourcecode.swift; path = FavoriteManager.swift; sourceTree = "<group>"; };
		06BAD0F52A1E1FF0006A0BDF /* ProductDetailsViewController.swift */ = {isa = PBXFileReference; lastKnownFileType = sourcecode.swift; path = ProductDetailsViewController.swift; sourceTree = "<group>"; };
		06BAD0F72A1E2325006A0BDF /* ProductDetailsViewModel.swift */ = {isa = PBXFileReference; lastKnownFileType = sourcecode.swift; path = ProductDetailsViewModel.swift; sourceTree = "<group>"; };
		06BAD0FB2A1E24EF006A0BDF /* DetailsCoordinator.swift */ = {isa = PBXFileReference; lastKnownFileType = sourcecode.swift; path = DetailsCoordinator.swift; sourceTree = "<group>"; };
		06D5826C2A1DFC5100935D52 /* ProductList.app */ = {isa = PBXFileReference; explicitFileType = wrapper.application; includeInIndex = 0; path = ProductList.app; sourceTree = BUILT_PRODUCTS_DIR; };
		06D5826F2A1DFC5100935D52 /* AppDelegate.swift */ = {isa = PBXFileReference; lastKnownFileType = sourcecode.swift; path = AppDelegate.swift; sourceTree = "<group>"; };
		06D582712A1DFC5100935D52 /* SceneDelegate.swift */ = {isa = PBXFileReference; lastKnownFileType = sourcecode.swift; path = SceneDelegate.swift; sourceTree = "<group>"; };
		06D582732A1DFC5100935D52 /* ProductListViewController.swift */ = {isa = PBXFileReference; lastKnownFileType = sourcecode.swift; path = ProductListViewController.swift; sourceTree = "<group>"; };
		06D582762A1DFC5100935D52 /* Base */ = {isa = PBXFileReference; lastKnownFileType = file.storyboard; name = Base; path = Base.lproj/Main.storyboard; sourceTree = "<group>"; };
		06D582782A1DFC5200935D52 /* Assets.xcassets */ = {isa = PBXFileReference; lastKnownFileType = folder.assetcatalog; path = Assets.xcassets; sourceTree = "<group>"; };
		06D5827B2A1DFC5200935D52 /* Base */ = {isa = PBXFileReference; lastKnownFileType = file.storyboard; name = Base; path = Base.lproj/LaunchScreen.storyboard; sourceTree = "<group>"; };
		06D5827D2A1DFC5200935D52 /* Info.plist */ = {isa = PBXFileReference; lastKnownFileType = text.plist.xml; path = Info.plist; sourceTree = "<group>"; };
		06D582822A1DFC5200935D52 /* ProductListTests.xctest */ = {isa = PBXFileReference; explicitFileType = wrapper.cfbundle; includeInIndex = 0; path = ProductListTests.xctest; sourceTree = BUILT_PRODUCTS_DIR; };
		06D582862A1DFC5200935D52 /* ProductListTests.swift */ = {isa = PBXFileReference; lastKnownFileType = sourcecode.swift; path = ProductListTests.swift; sourceTree = "<group>"; };
		06D582A52A1DFFCF00935D52 /* Config.swift */ = {isa = PBXFileReference; lastKnownFileType = sourcecode.swift; path = Config.swift; sourceTree = "<group>"; };
		06D582A72A1E00F500935D52 /* HTTPMethod.swift */ = {isa = PBXFileReference; lastKnownFileType = sourcecode.swift; path = HTTPMethod.swift; sourceTree = "<group>"; };
		06D582A92A1E015C00935D52 /* NetworkError.swift */ = {isa = PBXFileReference; lastKnownFileType = sourcecode.swift; path = NetworkError.swift; sourceTree = "<group>"; };
		06D582AB2A1E018B00935D52 /* NetworkService.swift */ = {isa = PBXFileReference; lastKnownFileType = sourcecode.swift; path = NetworkService.swift; sourceTree = "<group>"; };
		06D582AD2A1E01CC00935D52 /* ProductsRouter.swift */ = {isa = PBXFileReference; lastKnownFileType = sourcecode.swift; path = ProductsRouter.swift; sourceTree = "<group>"; };
		06D582AF2A1E038F00935D52 /* State.swift */ = {isa = PBXFileReference; lastKnownFileType = sourcecode.swift; path = State.swift; sourceTree = "<group>"; };
		06D582B22A1E046800935D52 /* Products.swift */ = {isa = PBXFileReference; lastKnownFileType = sourcecode.swift; path = Products.swift; sourceTree = "<group>"; };
		06D582B92A1E05D300935D52 /* ProductService.swift */ = {isa = PBXFileReference; lastKnownFileType = sourcecode.swift; path = ProductService.swift; sourceTree = "<group>"; };
		06D582BC2A1E067200935D52 /* ProductListViewModel.swift */ = {isa = PBXFileReference; lastKnownFileType = sourcecode.swift; path = ProductListViewModel.swift; sourceTree = "<group>"; };
		06D582BE2A1E079700935D52 /* ProductViewModel.swift */ = {isa = PBXFileReference; lastKnownFileType = sourcecode.swift; path = ProductViewModel.swift; sourceTree = "<group>"; };
		06D582C12A1E0A4100935D52 /* Int+Extension.swift */ = {isa = PBXFileReference; lastKnownFileType = sourcecode.swift; path = "Int+Extension.swift"; sourceTree = "<group>"; };
		06D582C42A1E0D0700935D52 /* MainCoordinator.swift */ = {isa = PBXFileReference; fileEncoding = 4; lastKnownFileType = sourcecode.swift; path = MainCoordinator.swift; sourceTree = "<group>"; };
		06D582C52A1E0D0700935D52 /* Coordinator.swift */ = {isa = PBXFileReference; fileEncoding = 4; lastKnownFileType = sourcecode.swift; path = Coordinator.swift; sourceTree = "<group>"; };
		06D582C62A1E0D0700935D52 /* Storyboarded.swift */ = {isa = PBXFileReference; fileEncoding = 4; lastKnownFileType = sourcecode.swift; path = Storyboarded.swift; sourceTree = "<group>"; };
		06D582CA2A1E0F3200935D52 /* ProductTableViewCell.swift */ = {isa = PBXFileReference; lastKnownFileType = sourcecode.swift; path = ProductTableViewCell.swift; sourceTree = "<group>"; };
		06D582CB2A1E0F3200935D52 /* ProductTableViewCell.xib */ = {isa = PBXFileReference; lastKnownFileType = file.xib; path = ProductTableViewCell.xib; sourceTree = "<group>"; };
		06D582D12A1E141200935D52 /* UIView+Borders.swift */ = {isa = PBXFileReference; lastKnownFileType = sourcecode.swift; path = "UIView+Borders.swift"; sourceTree = "<group>"; };
		06D582D32A1E143E00935D52 /* UIView+Identifier.swift */ = {isa = PBXFileReference; lastKnownFileType = sourcecode.swift; path = "UIView+Identifier.swift"; sourceTree = "<group>"; };
/* End PBXFileReference section */

/* Begin PBXFrameworksBuildPhase section */
		06D582692A1DFC5100935D52 /* Frameworks */ = {
			isa = PBXFrameworksBuildPhase;
			buildActionMask = 2147483647;
			files = (
				06D582D02A1E120900935D52 /* Cosmos in Frameworks */,
				06D582A22A1DFEDA00935D52 /* Kingfisher in Frameworks */,
			);
			runOnlyForDeploymentPostprocessing = 0;
		};
		06D5827F2A1DFC5200935D52 /* Frameworks */ = {
			isa = PBXFrameworksBuildPhase;
			buildActionMask = 2147483647;
			files = (
			);
			runOnlyForDeploymentPostprocessing = 0;
		};
/* End PBXFrameworksBuildPhase section */

/* Begin PBXGroup section */
		065782912A1E1DD8005AB37B /* ProductDetails */ = {
			isa = PBXGroup;
			children = (
				06BAD0FA2A1E24D1006A0BDF /* Coordinator */,
				06BAD0F92A1E232F006A0BDF /* ViewModel */,
				06BAD0F42A1E1FCC006A0BDF /* View */,
			);
			path = ProductDetails;
			sourceTree = "<group>";
		};
		06A27C442A1E327300E37849 /* Framework */ = {
			isa = PBXGroup;
			children = (
				06A27C452A1E328800E37849 /* FavoriteManager.swift */,
			);
			path = Framework;
			sourceTree = "<group>";
		};
		06BAD0F42A1E1FCC006A0BDF /* View */ = {
			isa = PBXGroup;
			children = (
				06BAD0F52A1E1FF0006A0BDF /* ProductDetailsViewController.swift */,
			);
			path = View;
			sourceTree = "<group>";
		};
		06BAD0F92A1E232F006A0BDF /* ViewModel */ = {
			isa = PBXGroup;
			children = (
				06BAD0F72A1E2325006A0BDF /* ProductDetailsViewModel.swift */,
			);
			path = ViewModel;
			sourceTree = "<group>";
		};
		06BAD0FA2A1E24D1006A0BDF /* Coordinator */ = {
			isa = PBXGroup;
			children = (
				06BAD0FB2A1E24EF006A0BDF /* DetailsCoordinator.swift */,
			);
			path = Coordinator;
			sourceTree = "<group>";
		};
		06D582632A1DFC5100935D52 = {
			isa = PBXGroup;
			children = (
				06D5826E2A1DFC5100935D52 /* ProductList */,
				06D582852A1DFC5200935D52 /* ProductListTests */,
				06D5826D2A1DFC5100935D52 /* Products */,
			);
			sourceTree = "<group>";
		};
		06D5826D2A1DFC5100935D52 /* Products */ = {
			isa = PBXGroup;
			children = (
				06D5826C2A1DFC5100935D52 /* ProductList.app */,
				06D582822A1DFC5200935D52 /* ProductListTests.xctest */,
			);
			name = Products;
			sourceTree = "<group>";
		};
		06D5826E2A1DFC5100935D52 /* ProductList */ = {
			isa = PBXGroup;
			children = (
				06A27C442A1E327300E37849 /* Framework */,
				06D582C32A1E0CE700935D52 /* Coordinator */,
				06D582A32A1DFF6900935D52 /* App */,
				06D582A42A1DFF8900935D52 /* Network */,
				06D582B12A1E03BD00935D52 /* Models */,
				06D582C02A1E09DA00935D52 /* Extensions */,
				06D582B42A1E054B00935D52 /* Scenes */,
				06D582752A1DFC5100935D52 /* Main.storyboard */,
				06D582782A1DFC5200935D52 /* Assets.xcassets */,
				06D5827A2A1DFC5200935D52 /* LaunchScreen.storyboard */,
				06D5827D2A1DFC5200935D52 /* Info.plist */,
			);
			path = ProductList;
			sourceTree = "<group>";
		};
		06D582852A1DFC5200935D52 /* ProductListTests */ = {
			isa = PBXGroup;
			children = (
				06D582862A1DFC5200935D52 /* ProductListTests.swift */,
			);
			path = ProductListTests;
			sourceTree = "<group>";
		};
		06D582A32A1DFF6900935D52 /* App */ = {
			isa = PBXGroup;
			children = (
				06D5826F2A1DFC5100935D52 /* AppDelegate.swift */,
				06D582712A1DFC5100935D52 /* SceneDelegate.swift */,
			);
			path = App;
			sourceTree = "<group>";
		};
		06D582A42A1DFF8900935D52 /* Network */ = {
			isa = PBXGroup;
			children = (
				06D582A52A1DFFCF00935D52 /* Config.swift */,
				06D582A72A1E00F500935D52 /* HTTPMethod.swift */,
				06D582A92A1E015C00935D52 /* NetworkError.swift */,
				06D582AB2A1E018B00935D52 /* NetworkService.swift */,
				06D582AD2A1E01CC00935D52 /* ProductsRouter.swift */,
				06D582AF2A1E038F00935D52 /* State.swift */,
			);
			path = Network;
			sourceTree = "<group>";
		};
		06D582B12A1E03BD00935D52 /* Models */ = {
			isa = PBXGroup;
			children = (
				06D582B22A1E046800935D52 /* Products.swift */,
			);
			path = Models;
			sourceTree = "<group>";
		};
		06D582B42A1E054B00935D52 /* Scenes */ = {
			isa = PBXGroup;
			children = (
				065782912A1E1DD8005AB37B /* ProductDetails */,
				06D582B52A1E057000935D52 /* ProductList */,
			);
			path = Scenes;
			sourceTree = "<group>";
		};
		06D582B52A1E057000935D52 /* ProductList */ = {
			isa = PBXGroup;
			children = (
				06D582B82A1E059300935D52 /* View */,
				06D582B72A1E058600935D52 /* ViewModel */,
				06D582B62A1E058100935D52 /* Service */,
			);
			path = ProductList;
			sourceTree = "<group>";
		};
		06D582B62A1E058100935D52 /* Service */ = {
			isa = PBXGroup;
			children = (
				06D582B92A1E05D300935D52 /* ProductService.swift */,
			);
			path = Service;
			sourceTree = "<group>";
		};
		06D582B72A1E058600935D52 /* ViewModel */ = {
			isa = PBXGroup;
			children = (
				06D582BC2A1E067200935D52 /* ProductListViewModel.swift */,
				06D582BE2A1E079700935D52 /* ProductViewModel.swift */,
			);
			path = ViewModel;
			sourceTree = "<group>";
		};
		06D582B82A1E059300935D52 /* View */ = {
			isa = PBXGroup;
			children = (
				06D582BB2A1E064000935D52 /* Cells */,
				06D582732A1DFC5100935D52 /* ProductListViewController.swift */,
			);
			path = View;
			sourceTree = "<group>";
		};
		06D582BB2A1E064000935D52 /* Cells */ = {
			isa = PBXGroup;
			children = (
				06D582CA2A1E0F3200935D52 /* ProductTableViewCell.swift */,
				06D582CB2A1E0F3200935D52 /* ProductTableViewCell.xib */,
			);
			path = Cells;
			sourceTree = "<group>";
		};
		06D582C02A1E09DA00935D52 /* Extensions */ = {
			isa = PBXGroup;
			children = (
				06D582C12A1E0A4100935D52 /* Int+Extension.swift */,
				06D582D12A1E141200935D52 /* UIView+Borders.swift */,
				06D582D32A1E143E00935D52 /* UIView+Identifier.swift */,
				0657828F2A1E19C8005AB37B /* Double+Extension.swift */,
			);
			path = Extensions;
			sourceTree = "<group>";
		};
		06D582C32A1E0CE700935D52 /* Coordinator */ = {
			isa = PBXGroup;
			children = (
				06D582C52A1E0D0700935D52 /* Coordinator.swift */,
				06D582C42A1E0D0700935D52 /* MainCoordinator.swift */,
				06D582C62A1E0D0700935D52 /* Storyboarded.swift */,
			);
			path = Coordinator;
			sourceTree = "<group>";
		};
/* End PBXGroup section */

/* Begin PBXNativeTarget section */
		06D5826B2A1DFC5100935D52 /* ProductList */ = {
			isa = PBXNativeTarget;
			buildConfigurationList = 06D582962A1DFC5200935D52 /* Build configuration list for PBXNativeTarget "ProductList" */;
			buildPhases = (
				06D582682A1DFC5100935D52 /* Sources */,
				06D582692A1DFC5100935D52 /* Frameworks */,
				06D5826A2A1DFC5100935D52 /* Resources */,
				06D5829F2A1DFDDB00935D52 /* SwiftLint */,
			);
			buildRules = (
			);
			dependencies = (
			);
			name = ProductList;
			packageProductDependencies = (
				06D582A12A1DFEDA00935D52 /* Kingfisher */,
				06D582CF2A1E120900935D52 /* Cosmos */,
			);
			productName = ProductList;
			productReference = 06D5826C2A1DFC5100935D52 /* ProductList.app */;
			productType = "com.apple.product-type.application";
		};
		06D582812A1DFC5200935D52 /* ProductListTests */ = {
			isa = PBXNativeTarget;
			buildConfigurationList = 06D582992A1DFC5200935D52 /* Build configuration list for PBXNativeTarget "ProductListTests" */;
			buildPhases = (
				06D5827E2A1DFC5200935D52 /* Sources */,
				06D5827F2A1DFC5200935D52 /* Frameworks */,
				06D582802A1DFC5200935D52 /* Resources */,
			);
			buildRules = (
			);
			dependencies = (
				06D582842A1DFC5200935D52 /* PBXTargetDependency */,
			);
			name = ProductListTests;
			productName = ProductListTests;
			productReference = 06D582822A1DFC5200935D52 /* ProductListTests.xctest */;
			productType = "com.apple.product-type.bundle.unit-test";
		};
/* End PBXNativeTarget section */

/* Begin PBXProject section */
		06D582642A1DFC5100935D52 /* Project object */ = {
			isa = PBXProject;
			attributes = {
				BuildIndependentTargetsInParallel = 1;
				LastSwiftUpdateCheck = 1410;
				LastUpgradeCheck = 1410;
				TargetAttributes = {
					06D5826B2A1DFC5100935D52 = {
						CreatedOnToolsVersion = 14.1;
					};
					06D582812A1DFC5200935D52 = {
						CreatedOnToolsVersion = 14.1;
						TestTargetID = 06D5826B2A1DFC5100935D52;
					};
				};
			};
			buildConfigurationList = 06D582672A1DFC5100935D52 /* Build configuration list for PBXProject "ProductList" */;
			compatibilityVersion = "Xcode 14.0";
			developmentRegion = en;
			hasScannedForEncodings = 0;
			knownRegions = (
				en,
				Base,
			);
			mainGroup = 06D582632A1DFC5100935D52;
			packageReferences = (
				06D582A02A1DFEDA00935D52 /* XCRemoteSwiftPackageReference "Kingfisher" */,
				06D582CE2A1E120900935D52 /* XCRemoteSwiftPackageReference "Cosmos" */,
			);
			productRefGroup = 06D5826D2A1DFC5100935D52 /* Products */;
			projectDirPath = "";
			projectRoot = "";
			targets = (
				06D5826B2A1DFC5100935D52 /* ProductList */,
				06D582812A1DFC5200935D52 /* ProductListTests */,
			);
		};
/* End PBXProject section */

/* Begin PBXResourcesBuildPhase section */
		06D5826A2A1DFC5100935D52 /* Resources */ = {
			isa = PBXResourcesBuildPhase;
			buildActionMask = 2147483647;
			files = (
				06D5827C2A1DFC5200935D52 /* LaunchScreen.storyboard in Resources */,
				06D582CD2A1E0F3200935D52 /* ProductTableViewCell.xib in Resources */,
				06D582792A1DFC5200935D52 /* Assets.xcassets in Resources */,
				06D582772A1DFC5100935D52 /* Main.storyboard in Resources */,
			);
			runOnlyForDeploymentPostprocessing = 0;
		};
		06D582802A1DFC5200935D52 /* Resources */ = {
			isa = PBXResourcesBuildPhase;
			buildActionMask = 2147483647;
			files = (
			);
			runOnlyForDeploymentPostprocessing = 0;
		};
/* End PBXResourcesBuildPhase section */

/* Begin PBXShellScriptBuildPhase section */
		06D5829F2A1DFDDB00935D52 /* SwiftLint */ = {
			isa = PBXShellScriptBuildPhase;
			buildActionMask = 2147483647;
			files = (
			);
			inputFileListPaths = (
			);
			inputPaths = (
			);
			name = SwiftLint;
			outputFileListPaths = (
			);
			outputPaths = (
			);
			runOnlyForDeploymentPostprocessing = 0;
			shellPath = /bin/sh;
			shellScript = "# Adds support for Apple Silicon brew directory\nexport PATH=\"$PATH:/opt/homebrew/bin\"\nif which swiftlint > /dev/null; then\n  swiftlint --autocorrect\nelse\n  echo \"warning: SwiftLint not installed, download from https://github.com/realm/SwiftLint\"\nfi\n";
		};
/* End PBXShellScriptBuildPhase section */

/* Begin PBXSourcesBuildPhase section */
		06D582682A1DFC5100935D52 /* Sources */ = {
			isa = PBXSourcesBuildPhase;
			buildActionMask = 2147483647;
			files = (
				06D582C82A1E0D0700935D52 /* Coordinator.swift in Sources */,
				06D582D42A1E143E00935D52 /* UIView+Identifier.swift in Sources */,
				065782902A1E19C8005AB37B /* Double+Extension.swift in Sources */,
				06D582742A1DFC5100935D52 /* ProductListViewController.swift in Sources */,
				06D582A62A1DFFCF00935D52 /* Config.swift in Sources */,
				06D582702A1DFC5100935D52 /* AppDelegate.swift in Sources */,
				06D582AA2A1E015C00935D52 /* NetworkError.swift in Sources */,
				06D582A82A1E00F500935D52 /* HTTPMethod.swift in Sources */,
				06D582BF2A1E079700935D52 /* ProductViewModel.swift in Sources */,
				06D582C22A1E0A4100935D52 /* Int+Extension.swift in Sources */,
				06BAD0F82A1E2325006A0BDF /* ProductDetailsViewModel.swift in Sources */,
				06D582C92A1E0D0700935D52 /* Storyboarded.swift in Sources */,
				06D582B02A1E038F00935D52 /* State.swift in Sources */,
				06BAD0FC2A1E24EF006A0BDF /* DetailsCoordinator.swift in Sources */,
				06D582D22A1E141200935D52 /* UIView+Borders.swift in Sources */,
				06BAD0F62A1E1FF0006A0BDF /* ProductDetailsViewController.swift in Sources */,
				06D582BD2A1E067200935D52 /* ProductListViewModel.swift in Sources */,
				06D582CC2A1E0F3200935D52 /* ProductTableViewCell.swift in Sources */,
				06D582722A1DFC5100935D52 /* SceneDelegate.swift in Sources */,
				06D582B32A1E046800935D52 /* Products.swift in Sources */,
				06A27C462A1E328800E37849 /* FavoriteManager.swift in Sources */,
				06D582BA2A1E05D300935D52 /* ProductService.swift in Sources */,
				06D582AE2A1E01CC00935D52 /* ProductsRouter.swift in Sources */,
				06D582C72A1E0D0700935D52 /* MainCoordinator.swift in Sources */,
				06D582AC2A1E018B00935D52 /* NetworkService.swift in Sources */,
			);
			runOnlyForDeploymentPostprocessing = 0;
		};
		06D5827E2A1DFC5200935D52 /* Sources */ = {
			isa = PBXSourcesBuildPhase;
			buildActionMask = 2147483647;
			files = (
				06D582872A1DFC5200935D52 /* ProductListTests.swift in Sources */,
			);
			runOnlyForDeploymentPostprocessing = 0;
		};
/* End PBXSourcesBuildPhase section */

/* Begin PBXTargetDependency section */
		06D582842A1DFC5200935D52 /* PBXTargetDependency */ = {
			isa = PBXTargetDependency;
			target = 06D5826B2A1DFC5100935D52 /* ProductList */;
			targetProxy = 06D582832A1DFC5200935D52 /* PBXContainerItemProxy */;
		};
/* End PBXTargetDependency section */

/* Begin PBXVariantGroup section */
		06D582752A1DFC5100935D52 /* Main.storyboard */ = {
			isa = PBXVariantGroup;
			children = (
				06D582762A1DFC5100935D52 /* Base */,
			);
			name = Main.storyboard;
			sourceTree = "<group>";
		};
		06D5827A2A1DFC5200935D52 /* LaunchScreen.storyboard */ = {
			isa = PBXVariantGroup;
			children = (
				06D5827B2A1DFC5200935D52 /* Base */,
			);
			name = LaunchScreen.storyboard;
			sourceTree = "<group>";
		};
/* End PBXVariantGroup section */

/* Begin XCBuildConfiguration section */
		06D582942A1DFC5200935D52 /* Debug */ = {
			isa = XCBuildConfiguration;
			buildSettings = {
				ALWAYS_SEARCH_USER_PATHS = NO;
				CLANG_ANALYZER_NONNULL = YES;
				CLANG_ANALYZER_NUMBER_OBJECT_CONVERSION = YES_AGGRESSIVE;
				CLANG_CXX_LANGUAGE_STANDARD = "gnu++20";
				CLANG_ENABLE_MODULES = YES;
				CLANG_ENABLE_OBJC_ARC = YES;
				CLANG_ENABLE_OBJC_WEAK = YES;
				CLANG_WARN_BLOCK_CAPTURE_AUTORELEASING = YES;
				CLANG_WARN_BOOL_CONVERSION = YES;
				CLANG_WARN_COMMA = YES;
				CLANG_WARN_CONSTANT_CONVERSION = YES;
				CLANG_WARN_DEPRECATED_OBJC_IMPLEMENTATIONS = YES;
				CLANG_WARN_DIRECT_OBJC_ISA_USAGE = YES_ERROR;
				CLANG_WARN_DOCUMENTATION_COMMENTS = YES;
				CLANG_WARN_EMPTY_BODY = YES;
				CLANG_WARN_ENUM_CONVERSION = YES;
				CLANG_WARN_INFINITE_RECURSION = YES;
				CLANG_WARN_INT_CONVERSION = YES;
				CLANG_WARN_NON_LITERAL_NULL_CONVERSION = YES;
				CLANG_WARN_OBJC_IMPLICIT_RETAIN_SELF = YES;
				CLANG_WARN_OBJC_LITERAL_CONVERSION = YES;
				CLANG_WARN_OBJC_ROOT_CLASS = YES_ERROR;
				CLANG_WARN_QUOTED_INCLUDE_IN_FRAMEWORK_HEADER = YES;
				CLANG_WARN_RANGE_LOOP_ANALYSIS = YES;
				CLANG_WARN_STRICT_PROTOTYPES = YES;
				CLANG_WARN_SUSPICIOUS_MOVE = YES;
				CLANG_WARN_UNGUARDED_AVAILABILITY = YES_AGGRESSIVE;
				CLANG_WARN_UNREACHABLE_CODE = YES;
				CLANG_WARN__DUPLICATE_METHOD_MATCH = YES;
				COPY_PHASE_STRIP = NO;
				DEBUG_INFORMATION_FORMAT = dwarf;
				ENABLE_STRICT_OBJC_MSGSEND = YES;
				ENABLE_TESTABILITY = YES;
				GCC_C_LANGUAGE_STANDARD = gnu11;
				GCC_DYNAMIC_NO_PIC = NO;
				GCC_NO_COMMON_BLOCKS = YES;
				GCC_OPTIMIZATION_LEVEL = 0;
				GCC_PREPROCESSOR_DEFINITIONS = (
					"DEBUG=1",
					"$(inherited)",
				);
				GCC_WARN_64_TO_32_BIT_CONVERSION = YES;
				GCC_WARN_ABOUT_RETURN_TYPE = YES_ERROR;
				GCC_WARN_UNDECLARED_SELECTOR = YES;
				GCC_WARN_UNINITIALIZED_AUTOS = YES_AGGRESSIVE;
				GCC_WARN_UNUSED_FUNCTION = YES;
				GCC_WARN_UNUSED_VARIABLE = YES;
				IPHONEOS_DEPLOYMENT_TARGET = 16.1;
				MTL_ENABLE_DEBUG_INFO = INCLUDE_SOURCE;
				MTL_FAST_MATH = YES;
				ONLY_ACTIVE_ARCH = YES;
				SDKROOT = iphoneos;
				SWIFT_ACTIVE_COMPILATION_CONDITIONS = DEBUG;
				SWIFT_OPTIMIZATION_LEVEL = "-Onone";
			};
			name = Debug;
		};
		06D582952A1DFC5200935D52 /* Release */ = {
			isa = XCBuildConfiguration;
			buildSettings = {
				ALWAYS_SEARCH_USER_PATHS = NO;
				CLANG_ANALYZER_NONNULL = YES;
				CLANG_ANALYZER_NUMBER_OBJECT_CONVERSION = YES_AGGRESSIVE;
				CLANG_CXX_LANGUAGE_STANDARD = "gnu++20";
				CLANG_ENABLE_MODULES = YES;
				CLANG_ENABLE_OBJC_ARC = YES;
				CLANG_ENABLE_OBJC_WEAK = YES;
				CLANG_WARN_BLOCK_CAPTURE_AUTORELEASING = YES;
				CLANG_WARN_BOOL_CONVERSION = YES;
				CLANG_WARN_COMMA = YES;
				CLANG_WARN_CONSTANT_CONVERSION = YES;
				CLANG_WARN_DEPRECATED_OBJC_IMPLEMENTATIONS = YES;
				CLANG_WARN_DIRECT_OBJC_ISA_USAGE = YES_ERROR;
				CLANG_WARN_DOCUMENTATION_COMMENTS = YES;
				CLANG_WARN_EMPTY_BODY = YES;
				CLANG_WARN_ENUM_CONVERSION = YES;
				CLANG_WARN_INFINITE_RECURSION = YES;
				CLANG_WARN_INT_CONVERSION = YES;
				CLANG_WARN_NON_LITERAL_NULL_CONVERSION = YES;
				CLANG_WARN_OBJC_IMPLICIT_RETAIN_SELF = YES;
				CLANG_WARN_OBJC_LITERAL_CONVERSION = YES;
				CLANG_WARN_OBJC_ROOT_CLASS = YES_ERROR;
				CLANG_WARN_QUOTED_INCLUDE_IN_FRAMEWORK_HEADER = YES;
				CLANG_WARN_RANGE_LOOP_ANALYSIS = YES;
				CLANG_WARN_STRICT_PROTOTYPES = YES;
				CLANG_WARN_SUSPICIOUS_MOVE = YES;
				CLANG_WARN_UNGUARDED_AVAILABILITY = YES_AGGRESSIVE;
				CLANG_WARN_UNREACHABLE_CODE = YES;
				CLANG_WARN__DUPLICATE_METHOD_MATCH = YES;
				COPY_PHASE_STRIP = NO;
				DEBUG_INFORMATION_FORMAT = "dwarf-with-dsym";
				ENABLE_NS_ASSERTIONS = NO;
				ENABLE_STRICT_OBJC_MSGSEND = YES;
				GCC_C_LANGUAGE_STANDARD = gnu11;
				GCC_NO_COMMON_BLOCKS = YES;
				GCC_WARN_64_TO_32_BIT_CONVERSION = YES;
				GCC_WARN_ABOUT_RETURN_TYPE = YES_ERROR;
				GCC_WARN_UNDECLARED_SELECTOR = YES;
				GCC_WARN_UNINITIALIZED_AUTOS = YES_AGGRESSIVE;
				GCC_WARN_UNUSED_FUNCTION = YES;
				GCC_WARN_UNUSED_VARIABLE = YES;
				IPHONEOS_DEPLOYMENT_TARGET = 16.1;
				MTL_ENABLE_DEBUG_INFO = NO;
				MTL_FAST_MATH = YES;
				SDKROOT = iphoneos;
				SWIFT_COMPILATION_MODE = wholemodule;
				SWIFT_OPTIMIZATION_LEVEL = "-O";
				VALIDATE_PRODUCT = YES;
			};
			name = Release;
		};
		06D582972A1DFC5200935D52 /* Debug */ = {
			isa = XCBuildConfiguration;
			buildSettings = {
				ASSETCATALOG_COMPILER_APPICON_NAME = AppIcon;
				ASSETCATALOG_COMPILER_GLOBAL_ACCENT_COLOR_NAME = AccentColor;
				CODE_SIGN_STYLE = Automatic;
				CURRENT_PROJECT_VERSION = 1;
				DEVELOPMENT_TEAM = FXJ7GS8B9P;
				GENERATE_INFOPLIST_FILE = YES;
				INFOPLIST_FILE = ProductList/Info.plist;
				INFOPLIST_KEY_UIApplicationSupportsIndirectInputEvents = YES;
				INFOPLIST_KEY_UILaunchStoryboardName = LaunchScreen;
				INFOPLIST_KEY_UIMainStoryboardFile = Main;
				INFOPLIST_KEY_UISupportedInterfaceOrientations = UIInterfaceOrientationPortrait;
				LD_RUNPATH_SEARCH_PATHS = (
					"$(inherited)",
					"@executable_path/Frameworks",
				);
				MARKETING_VERSION = 1.0;
				PRODUCT_BUNDLE_IDENTIFIER = com.Check24.ProductList;
				PRODUCT_NAME = "$(TARGET_NAME)";
				SWIFT_EMIT_LOC_STRINGS = YES;
				SWIFT_VERSION = 5.0;
				TARGETED_DEVICE_FAMILY = "1,2";
			};
			name = Debug;
		};
		06D582982A1DFC5200935D52 /* Release */ = {
			isa = XCBuildConfiguration;
			buildSettings = {
				ASSETCATALOG_COMPILER_APPICON_NAME = AppIcon;
				ASSETCATALOG_COMPILER_GLOBAL_ACCENT_COLOR_NAME = AccentColor;
				CODE_SIGN_STYLE = Automatic;
				CURRENT_PROJECT_VERSION = 1;
				DEVELOPMENT_TEAM = FXJ7GS8B9P;
				GENERATE_INFOPLIST_FILE = YES;
				INFOPLIST_FILE = ProductList/Info.plist;
				INFOPLIST_KEY_UIApplicationSupportsIndirectInputEvents = YES;
				INFOPLIST_KEY_UILaunchStoryboardName = LaunchScreen;
				INFOPLIST_KEY_UIMainStoryboardFile = Main;
				INFOPLIST_KEY_UISupportedInterfaceOrientations = UIInterfaceOrientationPortrait;
				LD_RUNPATH_SEARCH_PATHS = (
					"$(inherited)",
					"@executable_path/Frameworks",
				);
				MARKETING_VERSION = 1.0;
				PRODUCT_BUNDLE_IDENTIFIER = com.Check24.ProductList;
				PRODUCT_NAME = "$(TARGET_NAME)";
				SWIFT_EMIT_LOC_STRINGS = YES;
				SWIFT_VERSION = 5.0;
				TARGETED_DEVICE_FAMILY = "1,2";
			};
			name = Release;
		};
		06D5829A2A1DFC5200935D52 /* Debug */ = {
			isa = XCBuildConfiguration;
			buildSettings = {
				ALWAYS_EMBED_SWIFT_STANDARD_LIBRARIES = YES;
				BUNDLE_LOADER = "$(TEST_HOST)";
				CODE_SIGN_STYLE = Automatic;
				CURRENT_PROJECT_VERSION = 1;
				DEVELOPMENT_TEAM = FXJ7GS8B9P;
				GENERATE_INFOPLIST_FILE = YES;
				IPHONEOS_DEPLOYMENT_TARGET = 16.1;
				MARKETING_VERSION = 1.0;
				PRODUCT_BUNDLE_IDENTIFIER = com.Check24.ProductListTests;
				PRODUCT_NAME = "$(TARGET_NAME)";
				SWIFT_EMIT_LOC_STRINGS = NO;
				SWIFT_VERSION = 5.0;
				TARGETED_DEVICE_FAMILY = "1,2";
				TEST_HOST = "$(BUILT_PRODUCTS_DIR)/ProductList.app/$(BUNDLE_EXECUTABLE_FOLDER_PATH)/ProductList";
			};
			name = Debug;
		};
		06D5829B2A1DFC5200935D52 /* Release */ = {
			isa = XCBuildConfiguration;
			buildSettings = {
				ALWAYS_EMBED_SWIFT_STANDARD_LIBRARIES = YES;
				BUNDLE_LOADER = "$(TEST_HOST)";
				CODE_SIGN_STYLE = Automatic;
				CURRENT_PROJECT_VERSION = 1;
				DEVELOPMENT_TEAM = FXJ7GS8B9P;
				GENERATE_INFOPLIST_FILE = YES;
				IPHONEOS_DEPLOYMENT_TARGET = 16.1;
				MARKETING_VERSION = 1.0;
				PRODUCT_BUNDLE_IDENTIFIER = com.Check24.ProductListTests;
				PRODUCT_NAME = "$(TARGET_NAME)";
				SWIFT_EMIT_LOC_STRINGS = NO;
				SWIFT_VERSION = 5.0;
				TARGETED_DEVICE_FAMILY = "1,2";
				TEST_HOST = "$(BUILT_PRODUCTS_DIR)/ProductList.app/$(BUNDLE_EXECUTABLE_FOLDER_PATH)/ProductList";
			};
			name = Release;
		};
/* End XCBuildConfiguration section */

/* Begin XCConfigurationList section */
		06D582672A1DFC5100935D52 /* Build configuration list for PBXProject "ProductList" */ = {
			isa = XCConfigurationList;
			buildConfigurations = (
				06D582942A1DFC5200935D52 /* Debug */,
				06D582952A1DFC5200935D52 /* Release */,
			);
			defaultConfigurationIsVisible = 0;
			defaultConfigurationName = Release;
		};
		06D582962A1DFC5200935D52 /* Build configuration list for PBXNativeTarget "ProductList" */ = {
			isa = XCConfigurationList;
			buildConfigurations = (
				06D582972A1DFC5200935D52 /* Debug */,
				06D582982A1DFC5200935D52 /* Release */,
			);
			defaultConfigurationIsVisible = 0;
			defaultConfigurationName = Release;
		};
		06D582992A1DFC5200935D52 /* Build configuration list for PBXNativeTarget "ProductListTests" */ = {
			isa = XCConfigurationList;
			buildConfigurations = (
				06D5829A2A1DFC5200935D52 /* Debug */,
				06D5829B2A1DFC5200935D52 /* Release */,
			);
			defaultConfigurationIsVisible = 0;
			defaultConfigurationName = Release;
		};
/* End XCConfigurationList section */

/* Begin XCRemoteSwiftPackageReference section */
		06D582A02A1DFEDA00935D52 /* XCRemoteSwiftPackageReference "Kingfisher" */ = {
			isa = XCRemoteSwiftPackageReference;
			repositoryURL = "https://github.com/onevcat/Kingfisher.git";
			requirement = {
				branch = master;
				kind = branch;
			};
		};
		06D582CE2A1E120900935D52 /* XCRemoteSwiftPackageReference "Cosmos" */ = {
			isa = XCRemoteSwiftPackageReference;
			repositoryURL = "https://github.com/evgenyneu/Cosmos.git";
			requirement = {
				kind = upToNextMajorVersion;
				minimumVersion = 23.0.0;
			};
		};
/* End XCRemoteSwiftPackageReference section */

/* Begin XCSwiftPackageProductDependency section */
		06D582A12A1DFEDA00935D52 /* Kingfisher */ = {
			isa = XCSwiftPackageProductDependency;
			package = 06D582A02A1DFEDA00935D52 /* XCRemoteSwiftPackageReference "Kingfisher" */;
			productName = Kingfisher;
		};
		06D582CF2A1E120900935D52 /* Cosmos */ = {
			isa = XCSwiftPackageProductDependency;
			package = 06D582CE2A1E120900935D52 /* XCRemoteSwiftPackageReference "Cosmos" */;
			productName = Cosmos;
		};
/* End XCSwiftPackageProductDependency section */
	};
	rootObject = 06D582642A1DFC5100935D52 /* Project object */;
}
